// !$*UTF8*$!
{
	archiveVersion = 1;
	classes = {
	};
	objectVersion = 51;
	objects = {

/* Begin PBXBuildFile section */
		0F91C4EBAFFAC6D7F641DF9F /* Pods_Restaurant_Delivery_App.framework in Frameworks */ = {isa = PBXBuildFile; fileRef = 6DE3951D4D61A1ED2D4F97B0 /* Pods_Restaurant_Delivery_App.framework */; };
		446CADF1265FD30200FAB8B9 /* Podfile in Resources */ = {isa = PBXBuildFile; fileRef = 446CADF0265FD30200FAB8B9 /* Podfile */; };
		4493ED1F265F2D5400D1A0B4 /* AppDelegate.swift in Sources */ = {isa = PBXBuildFile; fileRef = 4493ED1E265F2D5400D1A0B4 /* AppDelegate.swift */; };
		4493ED21265F2D5400D1A0B4 /* SceneDelegate.swift in Sources */ = {isa = PBXBuildFile; fileRef = 4493ED20265F2D5400D1A0B4 /* SceneDelegate.swift */; };
		4493ED23265F2D5400D1A0B4 /* OnboardingViewController.swift in Sources */ = {isa = PBXBuildFile; fileRef = 4493ED22265F2D5400D1A0B4 /* OnboardingViewController.swift */; };
		4493ED26265F2D5400D1A0B4 /* Main.storyboard in Resources */ = {isa = PBXBuildFile; fileRef = 4493ED24265F2D5400D1A0B4 /* Main.storyboard */; };
		4493ED28265F2D5700D1A0B4 /* Assets.xcassets in Resources */ = {isa = PBXBuildFile; fileRef = 4493ED27265F2D5700D1A0B4 /* Assets.xcassets */; };
		4493ED2B265F2D5700D1A0B4 /* LaunchScreen.storyboard in Resources */ = {isa = PBXBuildFile; fileRef = 4493ED29265F2D5700D1A0B4 /* LaunchScreen.storyboard */; };
/* End PBXBuildFile section */

/* Begin PBXFileReference section */
		3BA83F2325BD2F2D3FE5B28B /* Pods-Restaurant-Delivery-App.debug.xcconfig */ = {isa = PBXFileReference; includeInIndex = 1; lastKnownFileType = text.xcconfig; name = "Pods-Restaurant-Delivery-App.debug.xcconfig"; path = "Target Support Files/Pods-Restaurant-Delivery-App/Pods-Restaurant-Delivery-App.debug.xcconfig"; sourceTree = "<group>"; };
		446CADF0265FD30200FAB8B9 /* Podfile */ = {isa = PBXFileReference; fileEncoding = 4; lastKnownFileType = text; path = Podfile; sourceTree = "<group>"; xcLanguageSpecificationIdentifier = xcode.lang.ruby; };
		4493ED1B265F2D5400D1A0B4 /* Restaurant-Delivery-App.app */ = {isa = PBXFileReference; explicitFileType = wrapper.application; includeInIndex = 0; path = "Restaurant-Delivery-App.app"; sourceTree = BUILT_PRODUCTS_DIR; };
		4493ED1E265F2D5400D1A0B4 /* AppDelegate.swift */ = {isa = PBXFileReference; lastKnownFileType = sourcecode.swift; path = AppDelegate.swift; sourceTree = "<group>"; };
		4493ED20265F2D5400D1A0B4 /* SceneDelegate.swift */ = {isa = PBXFileReference; lastKnownFileType = sourcecode.swift; path = SceneDelegate.swift; sourceTree = "<group>"; };
		4493ED22265F2D5400D1A0B4 /* OnboardingViewController.swift */ = {isa = PBXFileReference; lastKnownFileType = sourcecode.swift; path = OnboardingViewController.swift; sourceTree = "<group>"; };
		4493ED25265F2D5400D1A0B4 /* Base */ = {isa = PBXFileReference; lastKnownFileType = file.storyboard; name = Base; path = Base.lproj/Main.storyboard; sourceTree = "<group>"; };
		4493ED27265F2D5700D1A0B4 /* Assets.xcassets */ = {isa = PBXFileReference; lastKnownFileType = folder.assetcatalog; path = Assets.xcassets; sourceTree = "<group>"; };
		4493ED2A265F2D5700D1A0B4 /* Base */ = {isa = PBXFileReference; lastKnownFileType = file.storyboard; name = Base; path = Base.lproj/LaunchScreen.storyboard; sourceTree = "<group>"; };
		4493ED2C265F2D5700D1A0B4 /* Info.plist */ = {isa = PBXFileReference; lastKnownFileType = text.plist.xml; path = Info.plist; sourceTree = "<group>"; };
		6DE3951D4D61A1ED2D4F97B0 /* Pods_Restaurant_Delivery_App.framework */ = {isa = PBXFileReference; explicitFileType = wrapper.framework; includeInIndex = 0; path = Pods_Restaurant_Delivery_App.framework; sourceTree = BUILT_PRODUCTS_DIR; };
		713232218EBC0319490D26E1 /* Pods-Restaurant-Delivery-App.release.xcconfig */ = {isa = PBXFileReference; includeInIndex = 1; lastKnownFileType = text.xcconfig; name = "Pods-Restaurant-Delivery-App.release.xcconfig"; path = "Target Support Files/Pods-Restaurant-Delivery-App/Pods-Restaurant-Delivery-App.release.xcconfig"; sourceTree = "<group>"; };
/* End PBXFileReference section */

/* Begin PBXFrameworksBuildPhase section */
		4493ED18265F2D5400D1A0B4 /* Frameworks */ = {
			isa = PBXFrameworksBuildPhase;
			buildActionMask = 2147483647;
			files = (
				0F91C4EBAFFAC6D7F641DF9F /* Pods_Restaurant_Delivery_App.framework in Frameworks */,
			);
			runOnlyForDeploymentPostprocessing = 0;
		};
/* End PBXFrameworksBuildPhase section */

/* Begin PBXGroup section */
		1F746EB72CD59A4575A8F70C /* Pods */ = {
			isa = PBXGroup;
			children = (
				3BA83F2325BD2F2D3FE5B28B /* Pods-Restaurant-Delivery-App.debug.xcconfig */,
				713232218EBC0319490D26E1 /* Pods-Restaurant-Delivery-App.release.xcconfig */,
			);
			path = Pods;
			sourceTree = "<group>";
		};
		4493ED12265F2D5400D1A0B4 = {
			isa = PBXGroup;
			children = (
				446CADF0265FD30200FAB8B9 /* Podfile */,
				4493ED1D265F2D5400D1A0B4 /* Restaurant-Delivery-App */,
				4493ED1C265F2D5400D1A0B4 /* Products */,
				1F746EB72CD59A4575A8F70C /* Pods */,
				7C6F7E032E5BEBEF35BF2D29 /* Frameworks */,
			);
			sourceTree = "<group>";
		};
		4493ED1C265F2D5400D1A0B4 /* Products */ = {
			isa = PBXGroup;
			children = (
				4493ED1B265F2D5400D1A0B4 /* Restaurant-Delivery-App.app */,
			);
			name = Products;
			sourceTree = "<group>";
		};
		4493ED1D265F2D5400D1A0B4 /* Restaurant-Delivery-App */ = {
			isa = PBXGroup;
			children = (
				4493ED1E265F2D5400D1A0B4 /* AppDelegate.swift */,
				4493ED20265F2D5400D1A0B4 /* SceneDelegate.swift */,
				4493ED22265F2D5400D1A0B4 /* OnboardingViewController.swift */,
				4493ED24265F2D5400D1A0B4 /* Main.storyboard */,
				4493ED27265F2D5700D1A0B4 /* Assets.xcassets */,
				4493ED29265F2D5700D1A0B4 /* LaunchScreen.storyboard */,
				4493ED2C265F2D5700D1A0B4 /* Info.plist */,
			);
			path = "Restaurant-Delivery-App";
			sourceTree = "<group>";
		};
		7C6F7E032E5BEBEF35BF2D29 /* Frameworks */ = {
			isa = PBXGroup;
			children = (
				6DE3951D4D61A1ED2D4F97B0 /* Pods_Restaurant_Delivery_App.framework */,
			);
			name = Frameworks;
			sourceTree = "<group>";
		};
/* End PBXGroup section */

/* Begin PBXNativeTarget section */
		4493ED1A265F2D5400D1A0B4 /* Restaurant-Delivery-App */ = {
			isa = PBXNativeTarget;
			buildConfigurationList = 4493ED2F265F2D5700D1A0B4 /* Build configuration list for PBXNativeTarget "Restaurant-Delivery-App" */;
			buildPhases = (
				B1F8BED78D7971B1CF737C40 /* [CP] Check Pods Manifest.lock */,
				4493ED17265F2D5400D1A0B4 /* Sources */,
				4493ED18265F2D5400D1A0B4 /* Frameworks */,
				4493ED19265F2D5400D1A0B4 /* Resources */,
				10131812C5534625F8538884 /* [CP] Embed Pods Frameworks */,
			);
			buildRules = (
			);
			dependencies = (
			);
			name = "Restaurant-Delivery-App";
			productName = "Restaurant-Delivery-App";
			productReference = 4493ED1B265F2D5400D1A0B4 /* Restaurant-Delivery-App.app */;
			productType = "com.apple.product-type.application";
		};
/* End PBXNativeTarget section */

/* Begin PBXProject section */
		4493ED13265F2D5400D1A0B4 /* Project object */ = {
			isa = PBXProject;
			attributes = {
				LastSwiftUpdateCheck = 1240;
				LastUpgradeCheck = 1240;
				TargetAttributes = {
					4493ED1A265F2D5400D1A0B4 = {
						CreatedOnToolsVersion = 12.4;
					};
				};
			};
			buildConfigurationList = 4493ED16265F2D5400D1A0B4 /* Build configuration list for PBXProject "Restaurant-Delivery-App" */;
			compatibilityVersion = "Xcode 9.3";
			developmentRegion = en;
			hasScannedForEncodings = 0;
			knownRegions = (
				en,
				Base,
			);
			mainGroup = 4493ED12265F2D5400D1A0B4;
			productRefGroup = 4493ED1C265F2D5400D1A0B4 /* Products */;
			projectDirPath = "";
			projectRoot = "";
			targets = (
				4493ED1A265F2D5400D1A0B4 /* Restaurant-Delivery-App */,
			);
		};
/* End PBXProject section */

/* Begin PBXResourcesBuildPhase section */
		4493ED19265F2D5400D1A0B4 /* Resources */ = {
			isa = PBXResourcesBuildPhase;
			buildActionMask = 2147483647;
			files = (
				4493ED2B265F2D5700D1A0B4 /* LaunchScreen.storyboard in Resources */,
				4493ED28265F2D5700D1A0B4 /* Assets.xcassets in Resources */,
				446CADF1265FD30200FAB8B9 /* Podfile in Resources */,
				4493ED26265F2D5400D1A0B4 /* Main.storyboard in Resources */,
			);
			runOnlyForDeploymentPostprocessing = 0;
		};
/* End PBXResourcesBuildPhase section */

/* Begin PBXShellScriptBuildPhase section */
		10131812C5534625F8538884 /* [CP] Embed Pods Frameworks */ = {
			isa = PBXShellScriptBuildPhase;
			buildActionMask = 2147483647;
			files = (
			);
			inputFileListPaths = (
				"${PODS_ROOT}/Target Support Files/Pods-Restaurant-Delivery-App/Pods-Restaurant-Delivery-App-frameworks-${CONFIGURATION}-input-files.xcfilelist",
			);
			name = "[CP] Embed Pods Frameworks";
			outputFileListPaths = (
				"${PODS_ROOT}/Target Support Files/Pods-Restaurant-Delivery-App/Pods-Restaurant-Delivery-App-frameworks-${CONFIGURATION}-output-files.xcfilelist",
			);
			runOnlyForDeploymentPostprocessing = 0;
			shellPath = /bin/sh;
			shellScript = "\"${PODS_ROOT}/Target Support Files/Pods-Restaurant-Delivery-App/Pods-Restaurant-Delivery-App-frameworks.sh\"\n";
			showEnvVarsInLog = 0;
		};
		B1F8BED78D7971B1CF737C40 /* [CP] Check Pods Manifest.lock */ = {
			isa = PBXShellScriptBuildPhase;
			buildActionMask = 2147483647;
			files = (
			);
			inputFileListPaths = (
			);
			inputPaths = (
				"${PODS_PODFILE_DIR_PATH}/Podfile.lock",
				"${PODS_ROOT}/Manifest.lock",
			);
			name = "[CP] Check Pods Manifest.lock";
			outputFileListPaths = (
			);
			outputPaths = (
				"$(DERIVED_FILE_DIR)/Pods-Restaurant-Delivery-App-checkManifestLockResult.txt",
			);
			runOnlyForDeploymentPostprocessing = 0;
			shellPath = /bin/sh;
			shellScript = "diff \"${PODS_PODFILE_DIR_PATH}/Podfile.lock\" \"${PODS_ROOT}/Manifest.lock\" > /dev/null\nif [ $? != 0 ] ; then\n    # print error to STDERR\n    echo \"error: The sandbox is not in sync with the Podfile.lock. Run 'pod install' or update your CocoaPods installation.\" >&2\n    exit 1\nfi\n# This output is used by Xcode 'outputs' to avoid re-running this script phase.\necho \"SUCCESS\" > \"${SCRIPT_OUTPUT_FILE_0}\"\n";
			showEnvVarsInLog = 0;
		};
/* End PBXShellScriptBuildPhase section */

/* Begin PBXSourcesBuildPhase section */
		4493ED17265F2D5400D1A0B4 /* Sources */ = {
			isa = PBXSourcesBuildPhase;
			buildActionMask = 2147483647;
			files = (
				4493ED23265F2D5400D1A0B4 /* OnboardingViewController.swift in Sources */,
				4493ED1F265F2D5400D1A0B4 /* AppDelegate.swift in Sources */,
				4493ED21265F2D5400D1A0B4 /* SceneDelegate.swift in Sources */,
			);
			runOnlyForDeploymentPostprocessing = 0;
		};
/* End PBXSourcesBuildPhase section */

/* Begin PBXVariantGroup section */
		4493ED24265F2D5400D1A0B4 /* Main.storyboard */ = {
			isa = PBXVariantGroup;
			children = (
				4493ED25265F2D5400D1A0B4 /* Base */,
			);
			name = Main.storyboard;
			sourceTree = "<group>";
		};
		4493ED29265F2D5700D1A0B4 /* LaunchScreen.storyboard */ = {
			isa = PBXVariantGroup;
			children = (
				4493ED2A265F2D5700D1A0B4 /* Base */,
			);
			name = LaunchScreen.storyboard;
			sourceTree = "<group>";
		};
/* End PBXVariantGroup section */

/* Begin XCBuildConfiguration section */
		4493ED2D265F2D5700D1A0B4 /* Debug */ = {
			isa = XCBuildConfiguration;
			buildSettings = {
				ALWAYS_SEARCH_USER_PATHS = NO;
				CLANG_ANALYZER_NONNULL = YES;
				CLANG_ANALYZER_NUMBER_OBJECT_CONVERSION = YES_AGGRESSIVE;
				CLANG_CXX_LANGUAGE_STANDARD = "gnu++14";
				CLANG_CXX_LIBRARY = "libc++";
				CLANG_ENABLE_MODULES = YES;
				CLANG_ENABLE_OBJC_ARC = YES;
				CLANG_ENABLE_OBJC_WEAK = YES;
				CLANG_WARN_BLOCK_CAPTURE_AUTORELEASING = YES;
				CLANG_WARN_BOOL_CONVERSION = YES;
				CLANG_WARN_COMMA = YES;
				CLANG_WARN_CONSTANT_CONVERSION = YES;
				CLANG_WARN_DEPRECATED_OBJC_IMPLEMENTATIONS = YES;
				CLANG_WARN_DIRECT_OBJC_ISA_USAGE = YES_ERROR;
				CLANG_WARN_DOCUMENTATION_COMMENTS = YES;
				CLANG_WARN_EMPTY_BODY = YES;
				CLANG_WARN_ENUM_CONVERSION = YES;
				CLANG_WARN_INFINITE_RECURSION = YES;
				CLANG_WARN_INT_CONVERSION = YES;
				CLANG_WARN_NON_LITERAL_NULL_CONVERSION = YES;
				CLANG_WARN_OBJC_IMPLICIT_RETAIN_SELF = YES;
				CLANG_WARN_OBJC_LITERAL_CONVERSION = YES;
				CLANG_WARN_OBJC_ROOT_CLASS = YES_ERROR;
				CLANG_WARN_QUOTED_INCLUDE_IN_FRAMEWORK_HEADER = YES;
				CLANG_WARN_RANGE_LOOP_ANALYSIS = YES;
				CLANG_WARN_STRICT_PROTOTYPES = YES;
				CLANG_WARN_SUSPICIOUS_MOVE = YES;
				CLANG_WARN_UNGUARDED_AVAILABILITY = YES_AGGRESSIVE;
				CLANG_WARN_UNREACHABLE_CODE = YES;
				CLANG_WARN__DUPLICATE_METHOD_MATCH = YES;
				COPY_PHASE_STRIP = NO;
				DEBUG_INFORMATION_FORMAT = dwarf;
				ENABLE_STRICT_OBJC_MSGSEND = YES;
				ENABLE_TESTABILITY = YES;
				GCC_C_LANGUAGE_STANDARD = gnu11;
				GCC_DYNAMIC_NO_PIC = NO;
				GCC_NO_COMMON_BLOCKS = YES;
				GCC_OPTIMIZATION_LEVEL = 0;
				GCC_PREPROCESSOR_DEFINITIONS = (
					"DEBUG=1",
					"$(inherited)",
				);
				GCC_WARN_64_TO_32_BIT_CONVERSION = YES;
				GCC_WARN_ABOUT_RETURN_TYPE = YES_ERROR;
				GCC_WARN_UNDECLARED_SELECTOR = YES;
				GCC_WARN_UNINITIALIZED_AUTOS = YES_AGGRESSIVE;
				GCC_WARN_UNUSED_FUNCTION = YES;
				GCC_WARN_UNUSED_VARIABLE = YES;
				IPHONEOS_DEPLOYMENT_TARGET = 14.4;
				MTL_ENABLE_DEBUG_INFO = INCLUDE_SOURCE;
				MTL_FAST_MATH = YES;
				ONLY_ACTIVE_ARCH = YES;
				SDKROOT = iphoneos;
				SWIFT_ACTIVE_COMPILATION_CONDITIONS = DEBUG;
				SWIFT_OPTIMIZATION_LEVEL = "-Onone";
			};
			name = Debug;
		};
		4493ED2E265F2D5700D1A0B4 /* Release */ = {
			isa = XCBuildConfiguration;
			buildSettings = {
				ALWAYS_SEARCH_USER_PATHS = NO;
				CLANG_ANALYZER_NONNULL = YES;
				CLANG_ANALYZER_NUMBER_OBJECT_CONVERSION = YES_AGGRESSIVE;
				CLANG_CXX_LANGUAGE_STANDARD = "gnu++14";
				CLANG_CXX_LIBRARY = "libc++";
				CLANG_ENABLE_MODULES = YES;
				CLANG_ENABLE_OBJC_ARC = YES;
				CLANG_ENABLE_OBJC_WEAK = YES;
				CLANG_WARN_BLOCK_CAPTURE_AUTORELEASING = YES;
				CLANG_WARN_BOOL_CONVERSION = YES;
				CLANG_WARN_COMMA = YES;
				CLANG_WARN_CONSTANT_CONVERSION = YES;
				CLANG_WARN_DEPRECATED_OBJC_IMPLEMENTATIONS = YES;
				CLANG_WARN_DIRECT_OBJC_ISA_USAGE = YES_ERROR;
				CLANG_WARN_DOCUMENTATION_COMMENTS = YES;
				CLANG_WARN_EMPTY_BODY = YES;
				CLANG_WARN_ENUM_CONVERSION = YES;
				CLANG_WARN_INFINITE_RECURSION = YES;
				CLANG_WARN_INT_CONVERSION = YES;
				CLANG_WARN_NON_LITERAL_NULL_CONVERSION = YES;
				CLANG_WARN_OBJC_IMPLICIT_RETAIN_SELF = YES;
				CLANG_WARN_OBJC_LITERAL_CONVERSION = YES;
				CLANG_WARN_OBJC_ROOT_CLASS = YES_ERROR;
				CLANG_WARN_QUOTED_INCLUDE_IN_FRAMEWORK_HEADER = YES;
				CLANG_WARN_RANGE_LOOP_ANALYSIS = YES;
				CLANG_WARN_STRICT_PROTOTYPES = YES;
				CLANG_WARN_SUSPICIOUS_MOVE = YES;
				CLANG_WARN_UNGUARDED_AVAILABILITY = YES_AGGRESSIVE;
				CLANG_WARN_UNREACHABLE_CODE = YES;
				CLANG_WARN__DUPLICATE_METHOD_MATCH = YES;
				COPY_PHASE_STRIP = NO;
				DEBUG_INFORMATION_FORMAT = "dwarf-with-dsym";
				ENABLE_NS_ASSERTIONS = NO;
				ENABLE_STRICT_OBJC_MSGSEND = YES;
				GCC_C_LANGUAGE_STANDARD = gnu11;
				GCC_NO_COMMON_BLOCKS = YES;
				GCC_WARN_64_TO_32_BIT_CONVERSION = YES;
				GCC_WARN_ABOUT_RETURN_TYPE = YES_ERROR;
				GCC_WARN_UNDECLARED_SELECTOR = YES;
				GCC_WARN_UNINITIALIZED_AUTOS = YES_AGGRESSIVE;
				GCC_WARN_UNUSED_FUNCTION = YES;
				GCC_WARN_UNUSED_VARIABLE = YES;
				IPHONEOS_DEPLOYMENT_TARGET = 14.4;
				MTL_ENABLE_DEBUG_INFO = NO;
				MTL_FAST_MATH = YES;
				SDKROOT = iphoneos;
				SWIFT_COMPILATION_MODE = wholemodule;
				SWIFT_OPTIMIZATION_LEVEL = "-O";
				VALIDATE_PRODUCT = YES;
			};
			name = Release;
		};
		4493ED30265F2D5700D1A0B4 /* Debug */ = {
			isa = XCBuildConfiguration;
			baseConfigurationReference = 3BA83F2325BD2F2D3FE5B28B /* Pods-Restaurant-Delivery-App.debug.xcconfig */;
			buildSettings = {
				ASSETCATALOG_COMPILER_APPICON_NAME = AppIcon;
				ASSETCATALOG_COMPILER_GLOBAL_ACCENT_COLOR_NAME = AccentColor;
				CODE_SIGN_STYLE = Automatic;
				DEVELOPMENT_TEAM = 2GZCVQL39Y;
				INFOPLIST_FILE = "Restaurant-Delivery-App/Info.plist";
				LD_RUNPATH_SEARCH_PATHS = (
					"$(inherited)",
					"@executable_path/Frameworks",
				);
				PRODUCT_BUNDLE_IDENTIFIER = "com.shaharyarbaig.Restaurant-Delivery-App";
				PRODUCT_NAME = "$(TARGET_NAME)";
				SWIFT_VERSION = 5.0;
				TARGETED_DEVICE_FAMILY = "1,2";
			};
			name = Debug;
		};
		4493ED31265F2D5700D1A0B4 /* Release */ = {
			isa = XCBuildConfiguration;
			baseConfigurationReference = 713232218EBC0319490D26E1 /* Pods-Restaurant-Delivery-App.release.xcconfig */;
			buildSettings = {
				ASSETCATALOG_COMPILER_APPICON_NAME = AppIcon;
				ASSETCATALOG_COMPILER_GLOBAL_ACCENT_COLOR_NAME = AccentColor;
				CODE_SIGN_STYLE = Automatic;
				DEVELOPMENT_TEAM = 2GZCVQL39Y;
				INFOPLIST_FILE = "Restaurant-Delivery-App/Info.plist";
				LD_RUNPATH_SEARCH_PATHS = (
					"$(inherited)",
					"@executable_path/Frameworks",
				);
				PRODUCT_BUNDLE_IDENTIFIER = "com.shaharyarbaig.Restaurant-Delivery-App";
				PRODUCT_NAME = "$(TARGET_NAME)";
				SWIFT_VERSION = 5.0;
				TARGETED_DEVICE_FAMILY = "1,2";
			};
			name = Release;
		};
/* End XCBuildConfiguration section */

/* Begin XCConfigurationList section */
		4493ED16265F2D5400D1A0B4 /* Build configuration list for PBXProject "Restaurant-Delivery-App" */ = {
			isa = XCConfigurationList;
			buildConfigurations = (
				4493ED2D265F2D5700D1A0B4 /* Debug */,
				4493ED2E265F2D5700D1A0B4 /* Release */,
			);
			defaultConfigurationIsVisible = 0;
			defaultConfigurationName = Release;
		};
		4493ED2F265F2D5700D1A0B4 /* Build configuration list for PBXNativeTarget "Restaurant-Delivery-App" */ = {
			isa = XCConfigurationList;
			buildConfigurations = (
				4493ED30265F2D5700D1A0B4 /* Debug */,
				4493ED31265F2D5700D1A0B4 /* Release */,
			);
			defaultConfigurationIsVisible = 0;
			defaultConfigurationName = Release;
		};
/* End XCConfigurationList section */
	};
	rootObject = 4493ED13265F2D5400D1A0B4 /* Project object */;
}
